
Microsoft Visual Studio Solution File, Format Version 12.00
# Visual Studio Version 17
VisualStudioVersion = 17.2.32516.85
MinimumVisualStudioVersion = 10.0.40219.1
Project("{FAE04EC0-301F-11D3-BF4B-00C04F79EFBC}") = "WebMvcMysql", "WebMvcMysql\WebMvcMysql.csproj", "{CDBAFD06-C110-4873-BAD6-A7D8C2B016F0}"
EndProject
Global
	GlobalSection(SolutionConfigurationPlatforms) = preSolution
		Debug|Any CPU = Debug|Any CPU
		Release|Any CPU = Release|Any CPU
	EndGlobalSection
	GlobalSection(ProjectConfigurationPlatforms) = postSolution
		{CDBAFD06-C110-4873-BAD6-A7D8C2B016F0}.Debug|Any CPU.ActiveCfg = Debug|Any CPU
		{CDBAFD06-C110-4873-BAD6-A7D8C2B016F0}.Debug|Any CPU.Build.0 = Debug|Any CPU
		{CDBAFD06-C110-4873-BAD6-A7D8C2B016F0}.Release|Any CPU.ActiveCfg = Release|Any CPU
		{CDBAFD06-C110-4873-BAD6-A7D8C2B016F0}.Release|Any CPU.Build.0 = Release|Any CPU
	EndGlobalSection
	GlobalSection(SolutionProperties) = preSolution
		HideSolutionNode = FALSE
	EndGlobalSection
	GlobalSection(ExtensibilityGlobals) = postSolution
		SolutionGuid = {61A62F4E-2EC7-4DDB-A1DD-0A2F5EE212E8}
	EndGlobalSection
EndGlobal
